
Microsoft Visual Studio Solution File, Format Version 12.00
# Visual Studio Version 17
VisualStudioVersion = 17.8.33918.589
MinimumVisualStudioVersion = 10.0.40219.1
Project("{FAE04EC0-301F-11D3-BF4B-00C04F79EFBC}") = "KikiFBApi", "KikiFBApi\KikiFBApi.csproj", "{D50864B5-DAEF-4FD8-8143-B0D1EA659326}"
EndProject
Global
	GlobalSection(SolutionConfigurationPlatforms) = preSolution
		Debug|Any CPU = Debug|Any CPU
		Release|Any CPU = Release|Any CPU
	EndGlobalSection
	GlobalSection(ProjectConfigurationPlatforms) = postSolution
		{D50864B5-DAEF-4FD8-8143-B0D1EA659326}.Debug|Any CPU.ActiveCfg = Debug|Any CPU
		{D50864B5-DAEF-4FD8-8143-B0D1EA659326}.Debug|Any CPU.Build.0 = Debug|Any CPU
		{D50864B5-DAEF-4FD8-8143-B0D1EA659326}.Release|Any CPU.ActiveCfg = Release|Any CPU
		{D50864B5-DAEF-4FD8-8143-B0D1EA659326}.Release|Any CPU.Build.0 = Release|Any CPU
	EndGlobalSection
	GlobalSection(SolutionProperties) = preSolution
		HideSolutionNode = FALSE
	EndGlobalSection
	GlobalSection(ExtensibilityGlobals) = postSolution
		SolutionGuid = {7C95640F-18A0-4464-BCAD-739184D07575}
	EndGlobalSection
EndGlobal
